
Microsoft Visual Studio Solution File, Format Version 12.00
# Visual Studio Version 16
VisualStudioVersion = 16.0.29306.81
MinimumVisualStudioVersion = 10.0.40219.1
Project("{9A19103F-16F7-4668-BE54-9A1E7A4F7556}") = "LanguageFeatures", "LanguageFeatures\LanguageFeatures.csproj", "{FA337842-0876-4720-9FFD-63DAEE8D6695}"
EndProject
Project("{FAE04EC0-301F-11D3-BF4B-00C04F79EFBC}") = "Razor", "..\Razor\Razor\Razor.csproj", "{4629278C-ADC4-4BAC-8541-A2D986765C97}"
EndProject
Global
	GlobalSection(SolutionConfigurationPlatforms) = preSolution
		Debug|Any CPU = Debug|Any CPU
		Release|Any CPU = Release|Any CPU
	EndGlobalSection
	GlobalSection(ProjectConfigurationPlatforms) = postSolution
		{FA337842-0876-4720-9FFD-63DAEE8D6695}.Debug|Any CPU.ActiveCfg = Debug|Any CPU
		{FA337842-0876-4720-9FFD-63DAEE8D6695}.Debug|Any CPU.Build.0 = Debug|Any CPU
		{FA337842-0876-4720-9FFD-63DAEE8D6695}.Release|Any CPU.ActiveCfg = Release|Any CPU
		{FA337842-0876-4720-9FFD-63DAEE8D6695}.Release|Any CPU.Build.0 = Release|Any CPU
		{4629278C-ADC4-4BAC-8541-A2D986765C97}.Debug|Any CPU.ActiveCfg = Debug|Any CPU
		{4629278C-ADC4-4BAC-8541-A2D986765C97}.Debug|Any CPU.Build.0 = Debug|Any CPU
		{4629278C-ADC4-4BAC-8541-A2D986765C97}.Release|Any CPU.ActiveCfg = Release|Any CPU
		{4629278C-ADC4-4BAC-8541-A2D986765C97}.Release|Any CPU.Build.0 = Release|Any CPU
	EndGlobalSection
	GlobalSection(SolutionProperties) = preSolution
		HideSolutionNode = FALSE
	EndGlobalSection
	GlobalSection(ExtensibilityGlobals) = postSolution
		SolutionGuid = {6D86FA0D-156F-481C-8D9B-9D107BC4AE9F}
	EndGlobalSection
EndGlobal
